
Microsoft Visual Studio Solution File, Format Version 12.00
# Visual Studio Version 17
VisualStudioVersion = 17.0.31903.59
MinimumVisualStudioVersion = 10.0.40219.1
Project("{FAE04EC0-301F-11D3-BF4B-00C04F79EFBC}") = "FocusTrack.API", "FocusTrack.API\FocusTrack.API.csproj", "{7D6E53BD-175C-4A16-85BA-283EC69D623A}"
EndProject
Project("{FAE04EC0-301F-11D3-BF4B-00C04F79EFBC}") = "FocusTrack.Domain", "FocusTrack.Domain\FocusTrack.Domain.csproj", "{7213B640-24F1-46AA-B0CD-69345844269D}"
EndProject
Project("{FAE04EC0-301F-11D3-BF4B-00C04F79EFBC}") = "FocusTrack.Application", "FocusTrack.Application\FocusTrack.Application.csproj", "{8EF4844C-6F96-4917-96C2-DB269BCF253D}"
EndProject
Project("{FAE04EC0-301F-11D3-BF4B-00C04F79EFBC}") = "FocusTrack.Infrastructure", "FocusTrack.Infrastructure\FocusTrack.Infrastructure.csproj", "{34FD723F-E92F-4920-B37F-8FEDCA7E4552}"
EndProject
Project("{FAE04EC0-301F-11D3-BF4B-00C04F79EFBC}") = "FocusTrack.RewardWorker", "FocusTrack.RewardWorker\FocusTrack.RewardWorker.csproj", "{94228368-5495-4AFE-B64F-3F19A5F746F3}"
EndProject
Project("{FAE04EC0-301F-11D3-BF4B-00C04F79EFBC}") = "FocusTrack.NotificationWorker", "FocusTrack.NotificationWorker\FocusTrack.NotificationWorker.csproj", "{54F92B20-B731-4F62-8341-30DFCA9EEA32}"
EndProject
Project("{2150E333-8FDC-42A3-9474-1A3956D46DE8}") = "Solution Items", "Solution Items", "{02EA681E-C7D8-13C7-8484-4AC65E1B71E8}"
	ProjectSection(SolutionItems) = preProject
		.editorconfig = .editorconfig
		docker-compose.infra.yml = docker-compose.infra.yml
	EndProjectSection
EndProject
Project("{FAE04EC0-301F-11D3-BF4B-00C04F79EFBC}") = "FocusTrack.RewardWorker.Tests", "FocusTrack.RewardWorker.Tests\FocusTrack.RewardWorker.Tests.csproj", "{7EED0FD0-BF2D-4C25-B8D1-31CABA9C4C03}"
EndProject
Global
	GlobalSection(SolutionConfigurationPlatforms) = preSolution
		Debug|Any CPU = Debug|Any CPU
		Debug|x64 = Debug|x64
		Debug|x86 = Debug|x86
		Release|Any CPU = Release|Any CPU
		Release|x64 = Release|x64
		Release|x86 = Release|x86
	EndGlobalSection
	GlobalSection(ProjectConfigurationPlatforms) = postSolution
		{7D6E53BD-175C-4A16-85BA-283EC69D623A}.Debug|Any CPU.ActiveCfg = Debug|Any CPU
		{7D6E53BD-175C-4A16-85BA-283EC69D623A}.Debug|Any CPU.Build.0 = Debug|Any CPU
		{7D6E53BD-175C-4A16-85BA-283EC69D623A}.Debug|x64.ActiveCfg = Debug|Any CPU
		{7D6E53BD-175C-4A16-85BA-283EC69D623A}.Debug|x64.Build.0 = Debug|Any CPU
		{7D6E53BD-175C-4A16-85BA-283EC69D623A}.Debug|x86.ActiveCfg = Debug|Any CPU
		{7D6E53BD-175C-4A16-85BA-283EC69D623A}.Debug|x86.Build.0 = Debug|Any CPU
		{7D6E53BD-175C-4A16-85BA-283EC69D623A}.Release|Any CPU.ActiveCfg = Release|Any CPU
		{7D6E53BD-175C-4A16-85BA-283EC69D623A}.Release|Any CPU.Build.0 = Release|Any CPU
		{7D6E53BD-175C-4A16-85BA-283EC69D623A}.Release|x64.ActiveCfg = Release|Any CPU
		{7D6E53BD-175C-4A16-85BA-283EC69D623A}.Release|x64.Build.0 = Release|Any CPU
		{7D6E53BD-175C-4A16-85BA-283EC69D623A}.Release|x86.ActiveCfg = Release|Any CPU
		{7D6E53BD-175C-4A16-85BA-283EC69D623A}.Release|x86.Build.0 = Release|Any CPU
		{7213B640-24F1-46AA-B0CD-69345844269D}.Debug|Any CPU.ActiveCfg = Debug|Any CPU
		{7213B640-24F1-46AA-B0CD-69345844269D}.Debug|Any CPU.Build.0 = Debug|Any CPU
		{7213B640-24F1-46AA-B0CD-69345844269D}.Debug|x64.ActiveCfg = Debug|Any CPU
		{7213B640-24F1-46AA-B0CD-69345844269D}.Debug|x64.Build.0 = Debug|Any CPU
		{7213B640-24F1-46AA-B0CD-69345844269D}.Debug|x86.ActiveCfg = Debug|Any CPU
		{7213B640-24F1-46AA-B0CD-69345844269D}.Debug|x86.Build.0 = Debug|Any CPU
		{7213B640-24F1-46AA-B0CD-69345844269D}.Release|Any CPU.ActiveCfg = Release|Any CPU
		{7213B640-24F1-46AA-B0CD-69345844269D}.Release|Any CPU.Build.0 = Release|Any CPU
		{7213B640-24F1-46AA-B0CD-69345844269D}.Release|x64.ActiveCfg = Release|Any CPU
		{7213B640-24F1-46AA-B0CD-69345844269D}.Release|x64.Build.0 = Release|Any CPU
		{7213B640-24F1-46AA-B0CD-69345844269D}.Release|x86.ActiveCfg = Release|Any CPU
		{7213B640-24F1-46AA-B0CD-69345844269D}.Release|x86.Build.0 = Release|Any CPU
		{8EF4844C-6F96-4917-96C2-DB269BCF253D}.Debug|Any CPU.ActiveCfg = Debug|Any CPU
		{8EF4844C-6F96-4917-96C2-DB269BCF253D}.Debug|Any CPU.Build.0 = Debug|Any CPU
		{8EF4844C-6F96-4917-96C2-DB269BCF253D}.Debug|x64.ActiveCfg = Debug|Any CPU
		{8EF4844C-6F96-4917-96C2-DB269BCF253D}.Debug|x64.Build.0 = Debug|Any CPU
		{8EF4844C-6F96-4917-96C2-DB269BCF253D}.Debug|x86.ActiveCfg = Debug|Any CPU
		{8EF4844C-6F96-4917-96C2-DB269BCF253D}.Debug|x86.Build.0 = Debug|Any CPU
		{8EF4844C-6F96-4917-96C2-DB269BCF253D}.Release|Any CPU.ActiveCfg = Release|Any CPU
		{8EF4844C-6F96-4917-96C2-DB269BCF253D}.Release|Any CPU.Build.0 = Release|Any CPU
		{8EF4844C-6F96-4917-96C2-DB269BCF253D}.Release|x64.ActiveCfg = Release|Any CPU
		{8EF4844C-6F96-4917-96C2-DB269BCF253D}.Release|x64.Build.0 = Release|Any CPU
		{8EF4844C-6F96-4917-96C2-DB269BCF253D}.Release|x86.ActiveCfg = Release|Any CPU
		{8EF4844C-6F96-4917-96C2-DB269BCF253D}.Release|x86.Build.0 = Release|Any CPU
		{34FD723F-E92F-4920-B37F-8FEDCA7E4552}.Debug|Any CPU.ActiveCfg = Debug|Any CPU
		{34FD723F-E92F-4920-B37F-8FEDCA7E4552}.Debug|Any CPU.Build.0 = Debug|Any CPU
		{34FD723F-E92F-4920-B37F-8FEDCA7E4552}.Debug|x64.ActiveCfg = Debug|Any CPU
		{34FD723F-E92F-4920-B37F-8FEDCA7E4552}.Debug|x64.Build.0 = Debug|Any CPU
		{34FD723F-E92F-4920-B37F-8FEDCA7E4552}.Debug|x86.ActiveCfg = Debug|Any CPU
		{34FD723F-E92F-4920-B37F-8FEDCA7E4552}.Debug|x86.Build.0 = Debug|Any CPU
		{34FD723F-E92F-4920-B37F-8FEDCA7E4552}.Release|Any CPU.ActiveCfg = Release|Any CPU
		{34FD723F-E92F-4920-B37F-8FEDCA7E4552}.Release|Any CPU.Build.0 = Release|Any CPU
		{34FD723F-E92F-4920-B37F-8FEDCA7E4552}.Release|x64.ActiveCfg = Release|Any CPU
		{34FD723F-E92F-4920-B37F-8FEDCA7E4552}.Release|x64.Build.0 = Release|Any CPU
		{34FD723F-E92F-4920-B37F-8FEDCA7E4552}.Release|x86.ActiveCfg = Release|Any CPU
		{34FD723F-E92F-4920-B37F-8FEDCA7E4552}.Release|x86.Build.0 = Release|Any CPU
		{94228368-5495-4AFE-B64F-3F19A5F746F3}.Debug|Any CPU.ActiveCfg = Debug|Any CPU
		{94228368-5495-4AFE-B64F-3F19A5F746F3}.Debug|Any CPU.Build.0 = Debug|Any CPU
		{94228368-5495-4AFE-B64F-3F19A5F746F3}.Debug|x64.ActiveCfg = Debug|Any CPU
		{94228368-5495-4AFE-B64F-3F19A5F746F3}.Debug|x64.Build.0 = Debug|Any CPU
		{94228368-5495-4AFE-B64F-3F19A5F746F3}.Debug|x86.ActiveCfg = Debug|Any CPU
		{94228368-5495-4AFE-B64F-3F19A5F746F3}.Debug|x86.Build.0 = Debug|Any CPU
		{94228368-5495-4AFE-B64F-3F19A5F746F3}.Release|Any CPU.ActiveCfg = Release|Any CPU
		{94228368-5495-4AFE-B64F-3F19A5F746F3}.Release|Any CPU.Build.0 = Release|Any CPU
		{94228368-5495-4AFE-B64F-3F19A5F746F3}.Release|x64.ActiveCfg = Release|Any CPU
		{94228368-5495-4AFE-B64F-3F19A5F746F3}.Release|x64.Build.0 = Release|Any CPU
		{94228368-5495-4AFE-B64F-3F19A5F746F3}.Release|x86.ActiveCfg = Release|Any CPU
		{94228368-5495-4AFE-B64F-3F19A5F746F3}.Release|x86.Build.0 = Release|Any CPU
		{54F92B20-B731-4F62-8341-30DFCA9EEA32}.Debug|Any CPU.ActiveCfg = Debug|Any CPU
		{54F92B20-B731-4F62-8341-30DFCA9EEA32}.Debug|Any CPU.Build.0 = Debug|Any CPU
		{54F92B20-B731-4F62-8341-30DFCA9EEA32}.Debug|x64.ActiveCfg = Debug|Any CPU
		{54F92B20-B731-4F62-8341-30DFCA9EEA32}.Debug|x64.Build.0 = Debug|Any CPU
		{54F92B20-B731-4F62-8341-30DFCA9EEA32}.Debug|x86.ActiveCfg = Debug|Any CPU
		{54F92B20-B731-4F62-8341-30DFCA9EEA32}.Debug|x86.Build.0 = Debug|Any CPU
		{54F92B20-B731-4F62-8341-30DFCA9EEA32}.Release|Any CPU.ActiveCfg = Release|Any CPU
		{54F92B20-B731-4F62-8341-30DFCA9EEA32}.Release|Any CPU.Build.0 = Release|Any CPU
		{54F92B20-B731-4F62-8341-30DFCA9EEA32}.Release|x64.ActiveCfg = Release|Any CPU
		{54F92B20-B731-4F62-8341-30DFCA9EEA32}.Release|x64.Build.0 = Release|Any CPU
		{54F92B20-B731-4F62-8341-30DFCA9EEA32}.Release|x86.ActiveCfg = Release|Any CPU
		{54F92B20-B731-4F62-8341-30DFCA9EEA32}.Release|x86.Build.0 = Release|Any CPU
		{7EED0FD0-BF2D-4C25-B8D1-31CABA9C4C03}.Debug|Any CPU.ActiveCfg = Debug|Any CPU
		{7EED0FD0-BF2D-4C25-B8D1-31CABA9C4C03}.Debug|Any CPU.Build.0 = Debug|Any CPU
		{7EED0FD0-BF2D-4C25-B8D1-31CABA9C4C03}.Debug|x64.ActiveCfg = Debug|Any CPU
		{7EED0FD0-BF2D-4C25-B8D1-31CABA9C4C03}.Debug|x64.Build.0 = Debug|Any CPU
		{7EED0FD0-BF2D-4C25-B8D1-31CABA9C4C03}.Debug|x86.ActiveCfg = Debug|Any CPU
		{7EED0FD0-BF2D-4C25-B8D1-31CABA9C4C03}.Debug|x86.Build.0 = Debug|Any CPU
		{7EED0FD0-BF2D-4C25-B8D1-31CABA9C4C03}.Release|Any CPU.ActiveCfg = Release|Any CPU
		{7EED0FD0-BF2D-4C25-B8D1-31CABA9C4C03}.Release|Any CPU.Build.0 = Release|Any CPU
		{7EED0FD0-BF2D-4C25-B8D1-31CABA9C4C03}.Release|x64.ActiveCfg = Release|Any CPU
		{7EED0FD0-BF2D-4C25-B8D1-31CABA9C4C03}.Release|x64.Build.0 = Release|Any CPU
		{7EED0FD0-BF2D-4C25-B8D1-31CABA9C4C03}.Release|x86.ActiveCfg = Release|Any CPU
		{7EED0FD0-BF2D-4C25-B8D1-31CABA9C4C03}.Release|x86.Build.0 = Release|Any CPU
	EndGlobalSection
	GlobalSection(SolutionProperties) = preSolution
		HideSolutionNode = FALSE
	EndGlobalSection
	GlobalSection(ExtensibilityGlobals) = postSolution
		SolutionGuid = {E9663EFB-BF00-4A2E-8037-0B32371BB729}
	EndGlobalSection
EndGlobal
